// !$*UTF8*$!
{
	archiveVersion = 1;
	classes = {
	};
	objectVersion = 46;
	objects = {

/* Begin PBXBuildFile section */
		292D71D01C94934800CFC060 /* Info.plist in Resources */ = {isa = PBXBuildFile; fileRef = 292D71CF1C94934800CFC060 /* Info.plist */; };
		292D71DE1C9493BC00CFC060 /* .gitkeep in Resources */ = {isa = PBXBuildFile; fileRef = 292D71D21C9493BC00CFC060 /* .gitkeep */; };
		292D71DF1C9493BC00CFC060 /* Animation.swift in Sources */ = {isa = PBXBuildFile; fileRef = 292D71D41C9493BC00CFC060 /* Animation.swift */; };
		292D71E01C9493BC00CFC060 /* Distill.swift in Sources */ = {isa = PBXBuildFile; fileRef = 292D71D51C9493BC00CFC060 /* Distill.swift */; };
		292D71E11C9493BC00CFC060 /* Bezier.swift in Sources */ = {isa = PBXBuildFile; fileRef = 292D71D71C9493BC00CFC060 /* Bezier.swift */; };
		292D71E21C9493BC00CFC060 /* Chain.swift in Sources */ = {isa = PBXBuildFile; fileRef = 292D71D81C9493BC00CFC060 /* Chain.swift */; };
		292D71E31C9493BC00CFC060 /* Spring.swift in Sources */ = {isa = PBXBuildFile; fileRef = 292D71D91C9493BC00CFC060 /* Spring.swift */; };
		292D71E41C9493BC00CFC060 /* Still.swift in Sources */ = {isa = PBXBuildFile; fileRef = 292D71DA1C9493BC00CFC060 /* Still.swift */; };
		292D71E51C9493BC00CFC060 /* Distillery.swift in Sources */ = {isa = PBXBuildFile; fileRef = 292D71DC1C9493BC00CFC060 /* Distillery.swift */; };
		292D71E61C9493BC00CFC060 /* Ingredient.swift in Sources */ = {isa = PBXBuildFile; fileRef = 292D71DD1C9493BC00CFC060 /* Ingredient.swift */; };
/* End PBXBuildFile section */

/* Begin PBXFileReference section */
		292D71C31C94930C00CFC060 /* Walker.framework */ = {isa = PBXFileReference; explicitFileType = wrapper.framework; includeInIndex = 0; path = Walker.framework; sourceTree = BUILT_PRODUCTS_DIR; };
		292D71CF1C94934800CFC060 /* Info.plist */ = {isa = PBXFileReference; fileEncoding = 4; lastKnownFileType = text.plist.xml; path = Info.plist; sourceTree = "<group>"; };
		292D71D21C9493BC00CFC060 /* .gitkeep */ = {isa = PBXFileReference; fileEncoding = 4; lastKnownFileType = text; path = .gitkeep; sourceTree = "<group>"; };
		292D71D41C9493BC00CFC060 /* Animation.swift */ = {isa = PBXFileReference; fileEncoding = 4; lastKnownFileType = sourcecode.swift; path = Animation.swift; sourceTree = "<group>"; };
		292D71D51C9493BC00CFC060 /* Distill.swift */ = {isa = PBXFileReference; fileEncoding = 4; lastKnownFileType = sourcecode.swift; path = Distill.swift; sourceTree = "<group>"; };
		292D71D71C9493BC00CFC060 /* Bezier.swift */ = {isa = PBXFileReference; fileEncoding = 4; lastKnownFileType = sourcecode.swift; path = Bezier.swift; sourceTree = "<group>"; };
		292D71D81C9493BC00CFC060 /* Chain.swift */ = {isa = PBXFileReference; fileEncoding = 4; lastKnownFileType = sourcecode.swift; path = Chain.swift; sourceTree = "<group>"; };
		292D71D91C9493BC00CFC060 /* Spring.swift */ = {isa = PBXFileReference; fileEncoding = 4; lastKnownFileType = sourcecode.swift; path = Spring.swift; sourceTree = "<group>"; };
		292D71DA1C9493BC00CFC060 /* Still.swift */ = {isa = PBXFileReference; fileEncoding = 4; lastKnownFileType = sourcecode.swift; path = Still.swift; sourceTree = "<group>"; };
		292D71DC1C9493BC00CFC060 /* Distillery.swift */ = {isa = PBXFileReference; fileEncoding = 4; lastKnownFileType = sourcecode.swift; path = Distillery.swift; sourceTree = "<group>"; };
		292D71DD1C9493BC00CFC060 /* Ingredient.swift */ = {isa = PBXFileReference; fileEncoding = 4; lastKnownFileType = sourcecode.swift; path = Ingredient.swift; sourceTree = "<group>"; };
/* End PBXFileReference section */

/* Begin PBXFrameworksBuildPhase section */
		292D71BF1C94930C00CFC060 /* Frameworks */ = {
			isa = PBXFrameworksBuildPhase;
			buildActionMask = 2147483647;
			files = (
			);
			runOnlyForDeploymentPostprocessing = 0;
		};
/* End PBXFrameworksBuildPhase section */

/* Begin PBXGroup section */
		292D71B91C94930C00CFC060 = {
			isa = PBXGroup;
			children = (
				292D71C51C94930C00CFC060 /* Walker */,
				292D71D11C9493BC00CFC060 /* Source */,
				292D71C41C94930C00CFC060 /* Products */,
			);
			sourceTree = "<group>";
		};
		292D71C41C94930C00CFC060 /* Products */ = {
			isa = PBXGroup;
			children = (
				292D71C31C94930C00CFC060 /* Walker.framework */,
			);
			name = Products;
			sourceTree = "<group>";
		};
		292D71C51C94930C00CFC060 /* Walker */ = {
			isa = PBXGroup;
			children = (
				292D71CE1C94934800CFC060 /* Others */,
			);
			path = Walker;
			sourceTree = "<group>";
		};
		292D71CE1C94934800CFC060 /* Others */ = {
			isa = PBXGroup;
			children = (
				292D71CF1C94934800CFC060 /* Info.plist */,
			);
			path = Others;
			sourceTree = SOURCE_ROOT;
		};
		292D71D11C9493BC00CFC060 /* Source */ = {
			isa = PBXGroup;
			children = (
				292D71D21C9493BC00CFC060 /* .gitkeep */,
				292D71D31C9493BC00CFC060 /* Background */,
				292D71D61C9493BC00CFC060 /* Constructors */,
				292D71DB1C9493BC00CFC060 /* Distillery */,
			);
			path = Source;
			sourceTree = "<group>";
		};
		292D71D31C9493BC00CFC060 /* Background */ = {
			isa = PBXGroup;
			children = (
				292D71D41C9493BC00CFC060 /* Animation.swift */,
				292D71D51C9493BC00CFC060 /* Distill.swift */,
			);
			path = Background;
			sourceTree = "<group>";
		};
		292D71D61C9493BC00CFC060 /* Constructors */ = {
			isa = PBXGroup;
			children = (
				292D71D71C9493BC00CFC060 /* Bezier.swift */,
				292D71D81C9493BC00CFC060 /* Chain.swift */,
				292D71D91C9493BC00CFC060 /* Spring.swift */,
				292D71DA1C9493BC00CFC060 /* Still.swift */,
			);
			path = Constructors;
			sourceTree = "<group>";
		};
		292D71DB1C9493BC00CFC060 /* Distillery */ = {
			isa = PBXGroup;
			children = (
				292D71DC1C9493BC00CFC060 /* Distillery.swift */,
				292D71DD1C9493BC00CFC060 /* Ingredient.swift */,
			);
			path = Distillery;
			sourceTree = "<group>";
		};
/* End PBXGroup section */

/* Begin PBXHeadersBuildPhase section */
		292D71C01C94930C00CFC060 /* Headers */ = {
			isa = PBXHeadersBuildPhase;
			buildActionMask = 2147483647;
			files = (
			);
			runOnlyForDeploymentPostprocessing = 0;
		};
/* End PBXHeadersBuildPhase section */

/* Begin PBXNativeTarget section */
		292D71C21C94930C00CFC060 /* Walker */ = {
			isa = PBXNativeTarget;
			buildConfigurationList = 292D71CB1C94930C00CFC060 /* Build configuration list for PBXNativeTarget "Walker" */;
			buildPhases = (
				292D71BE1C94930C00CFC060 /* Sources */,
				292D71BF1C94930C00CFC060 /* Frameworks */,
				292D71C01C94930C00CFC060 /* Headers */,
				292D71C11C94930C00CFC060 /* Resources */,
			);
			buildRules = (
			);
			dependencies = (
			);
			name = Walker;
			productName = Walker;
			productReference = 292D71C31C94930C00CFC060 /* Walker.framework */;
			productType = "com.apple.product-type.framework";
		};
/* End PBXNativeTarget section */

/* Begin PBXProject section */
		292D71BA1C94930C00CFC060 /* Project object */ = {
			isa = PBXProject;
			attributes = {
				LastUpgradeCheck = 0720;
				ORGANIZATIONNAME = BlackBox;
				TargetAttributes = {
					292D71C21C94930C00CFC060 = {
						CreatedOnToolsVersion = 7.2.1;
					};
				};
			};
			buildConfigurationList = 292D71BD1C94930C00CFC060 /* Build configuration list for PBXProject "Walker" */;
			compatibilityVersion = "Xcode 3.2";
			developmentRegion = English;
			hasScannedForEncodings = 0;
			knownRegions = (
				en,
			);
			mainGroup = 292D71B91C94930C00CFC060;
			productRefGroup = 292D71C41C94930C00CFC060 /* Products */;
			projectDirPath = "";
			projectRoot = "";
			targets = (
				292D71C21C94930C00CFC060 /* Walker */,
			);
		};
/* End PBXProject section */

/* Begin PBXResourcesBuildPhase section */
		292D71C11C94930C00CFC060 /* Resources */ = {
			isa = PBXResourcesBuildPhase;
			buildActionMask = 2147483647;
			files = (
				292D71D01C94934800CFC060 /* Info.plist in Resources */,
				292D71DE1C9493BC00CFC060 /* .gitkeep in Resources */,
			);
			runOnlyForDeploymentPostprocessing = 0;
		};
/* End PBXResourcesBuildPhase section */

/* Begin PBXSourcesBuildPhase section */
		292D71BE1C94930C00CFC060 /* Sources */ = {
			isa = PBXSourcesBuildPhase;
			buildActionMask = 2147483647;
			files = (
				292D71E11C9493BC00CFC060 /* Bezier.swift in Sources */,
				292D71E31C9493BC00CFC060 /* Spring.swift in Sources */,
				292D71E41C9493BC00CFC060 /* Still.swift in Sources */,
				292D71E21C9493BC00CFC060 /* Chain.swift in Sources */,
				292D71E61C9493BC00CFC060 /* Ingredient.swift in Sources */,
				292D71E51C9493BC00CFC060 /* Distillery.swift in Sources */,
				292D71DF1C9493BC00CFC060 /* Animation.swift in Sources */,
				292D71E01C9493BC00CFC060 /* Distill.swift in Sources */,
			);
			runOnlyForDeploymentPostprocessing = 0;
		};
/* End PBXSourcesBuildPhase section */

/* Begin XCBuildConfiguration section */
		292D71C91C94930C00CFC060 /* Debug */ = {
			isa = XCBuildConfiguration;
			buildSettings = {
				ALWAYS_SEARCH_USER_PATHS = NO;
				CLANG_CXX_LANGUAGE_STANDARD = "gnu++0x";
				CLANG_CXX_LIBRARY = "libc++";
				CLANG_ENABLE_MODULES = YES;
				CLANG_ENABLE_OBJC_ARC = YES;
				CLANG_WARN_BOOL_CONVERSION = YES;
				CLANG_WARN_CONSTANT_CONVERSION = YES;
				CLANG_WARN_DIRECT_OBJC_ISA_USAGE = YES_ERROR;
				CLANG_WARN_EMPTY_BODY = YES;
				CLANG_WARN_ENUM_CONVERSION = YES;
				CLANG_WARN_INT_CONVERSION = YES;
				CLANG_WARN_OBJC_ROOT_CLASS = YES_ERROR;
				CLANG_WARN_UNREACHABLE_CODE = YES;
				CLANG_WARN__DUPLICATE_METHOD_MATCH = YES;
				"CODE_SIGN_IDENTITY[sdk=iphoneos*]" = "iPhone Developer";
				COPY_PHASE_STRIP = NO;
				CURRENT_PROJECT_VERSION = 1;
				DEBUG_INFORMATION_FORMAT = dwarf;
				ENABLE_STRICT_OBJC_MSGSEND = YES;
				ENABLE_TESTABILITY = YES;
				GCC_C_LANGUAGE_STANDARD = gnu99;
				GCC_DYNAMIC_NO_PIC = NO;
				GCC_NO_COMMON_BLOCKS = YES;
				GCC_OPTIMIZATION_LEVEL = 0;
				GCC_PREPROCESSOR_DEFINITIONS = (
					"DEBUG=1",
					"$(inherited)",
				);
				GCC_WARN_64_TO_32_BIT_CONVERSION = YES;
				GCC_WARN_ABOUT_RETURN_TYPE = YES_ERROR;
				GCC_WARN_UNDECLARED_SELECTOR = YES;
				GCC_WARN_UNINITIALIZED_AUTOS = YES_AGGRESSIVE;
				GCC_WARN_UNUSED_FUNCTION = YES;
				GCC_WARN_UNUSED_VARIABLE = YES;
				IPHONEOS_DEPLOYMENT_TARGET = 9.2;
				MTL_ENABLE_DEBUG_INFO = YES;
				ONLY_ACTIVE_ARCH = YES;
				SDKROOT = iphoneos;
				SWIFT_OPTIMIZATION_LEVEL = "-Onone";
				TARGETED_DEVICE_FAMILY = "1,2";
				VERSIONING_SYSTEM = "apple-generic";
				VERSION_INFO_PREFIX = "";
			};
			name = Debug;
		};
		292D71CA1C94930C00CFC060 /* Release */ = {
			isa = XCBuildConfiguration;
			buildSettings = {
				ALWAYS_SEARCH_USER_PATHS = NO;
				CLANG_CXX_LANGUAGE_STANDARD = "gnu++0x";
				CLANG_CXX_LIBRARY = "libc++";
				CLANG_ENABLE_MODULES = YES;
				CLANG_ENABLE_OBJC_ARC = YES;
				CLANG_WARN_BOOL_CONVERSION = YES;
				CLANG_WARN_CONSTANT_CONVERSION = YES;
				CLANG_WARN_DIRECT_OBJC_ISA_USAGE = YES_ERROR;
				CLANG_WARN_EMPTY_BODY = YES;
				CLANG_WARN_ENUM_CONVERSION = YES;
				CLANG_WARN_INT_CONVERSION = YES;
				CLANG_WARN_OBJC_ROOT_CLASS = YES_ERROR;
				CLANG_WARN_UNREACHABLE_CODE = YES;
				CLANG_WARN__DUPLICATE_METHOD_MATCH = YES;
				"CODE_SIGN_IDENTITY[sdk=iphoneos*]" = "iPhone Developer";
				COPY_PHASE_STRIP = NO;
				CURRENT_PROJECT_VERSION = 1;
				DEBUG_INFORMATION_FORMAT = "dwarf-with-dsym";
				ENABLE_NS_ASSERTIONS = NO;
				ENABLE_STRICT_OBJC_MSGSEND = YES;
				GCC_C_LANGUAGE_STANDARD = gnu99;
				GCC_NO_COMMON_BLOCKS = YES;
				GCC_WARN_64_TO_32_BIT_CONVERSION = YES;
				GCC_WARN_ABOUT_RETURN_TYPE = YES_ERROR;
				GCC_WARN_UNDECLARED_SELECTOR = YES;
				GCC_WARN_UNINITIALIZED_AUTOS = YES_AGGRESSIVE;
				GCC_WARN_UNUSED_FUNCTION = YES;
				GCC_WARN_UNUSED_VARIABLE = YES;
				IPHONEOS_DEPLOYMENT_TARGET = 9.2;
				MTL_ENABLE_DEBUG_INFO = NO;
				SDKROOT = iphoneos;
				TARGETED_DEVICE_FAMILY = "1,2";
				VALIDATE_PRODUCT = YES;
				VERSIONING_SYSTEM = "apple-generic";
				VERSION_INFO_PREFIX = "";
			};
			name = Release;
		};
		292D71CC1C94930C00CFC060 /* Debug */ = {
			isa = XCBuildConfiguration;
			buildSettings = {
				DEFINES_MODULE = YES;
				DYLIB_COMPATIBILITY_VERSION = 1;
				DYLIB_CURRENT_VERSION = 1;
				DYLIB_INSTALL_NAME_BASE = "@rpath";
				INFOPLIST_FILE = "$(SRCROOT)/Others/Info.plist";
				INSTALL_PATH = "$(LOCAL_LIBRARY_DIR)/Frameworks";
				LD_RUNPATH_SEARCH_PATHS = "$(inherited) @executable_path/Frameworks @loader_path/Frameworks";
				PRODUCT_BUNDLE_IDENTIFIER = com.RamonGilabert.Walker;
				PRODUCT_NAME = "$(TARGET_NAME)";
				SKIP_INSTALL = YES;
			};
			name = Debug;
		};
		292D71CD1C94930C00CFC060 /* Release */ = {
			isa = XCBuildConfiguration;
			buildSettings = {
				DEFINES_MODULE = YES;
				DYLIB_COMPATIBILITY_VERSION = 1;
				DYLIB_CURRENT_VERSION = 1;
				DYLIB_INSTALL_NAME_BASE = "@rpath";
				INFOPLIST_FILE = "$(SRCROOT)/Others/Info.plist";
				INSTALL_PATH = "$(LOCAL_LIBRARY_DIR)/Frameworks";
				LD_RUNPATH_SEARCH_PATHS = "$(inherited) @executable_path/Frameworks @loader_path/Frameworks";
				PRODUCT_BUNDLE_IDENTIFIER = com.RamonGilabert.Walker;
				PRODUCT_NAME = "$(TARGET_NAME)";
				SKIP_INSTALL = YES;
			};
			name = Release;
		};
/* End XCBuildConfiguration section */

/* Begin XCConfigurationList section */
		292D71BD1C94930C00CFC060 /* Build configuration list for PBXProject "Walker" */ = {
			isa = XCConfigurationList;
			buildConfigurations = (
				292D71C91C94930C00CFC060 /* Debug */,
				292D71CA1C94930C00CFC060 /* Release */,
			);
			defaultConfigurationIsVisible = 0;
			defaultConfigurationName = Release;
		};
		292D71CB1C94930C00CFC060 /* Build configuration list for PBXNativeTarget "Walker" */ = {
			isa = XCConfigurationList;
			buildConfigurations = (
				292D71CC1C94930C00CFC060 /* Debug */,
				292D71CD1C94930C00CFC060 /* Release */,
			);
			defaultConfigurationIsVisible = 0;
			defaultConfigurationName = Release;
		};
/* End XCConfigurationList section */
	};
	rootObject = 292D71BA1C94930C00CFC060 /* Project object */;
}
