// !$*UTF8*$!
{
	archiveVersion = 1;
	classes = {
	};
	objectVersion = 46;
	objects = {

/* Begin PBXBuildFile section */
		292D71A11C930A8200CFC060 /* AppDelegate.swift in Sources */ = {isa = PBXBuildFile; fileRef = 292D719B1C930A8200CFC060 /* AppDelegate.swift */; };
		292D71A21C930A8200CFC060 /* Assets.xcassets in Resources */ = {isa = PBXBuildFile; fileRef = 292D719C1C930A8200CFC060 /* Assets.xcassets */; };
		292D71A31C930A8200CFC060 /* LaunchScreen.storyboard in Resources */ = {isa = PBXBuildFile; fileRef = 292D719D1C930A8200CFC060 /* LaunchScreen.storyboard */; };
		292D71A51C930A8200CFC060 /* ViewController.swift in Sources */ = {isa = PBXBuildFile; fileRef = 292D71A01C930A8200CFC060 /* ViewController.swift */; };
		B5CDF636EE8B82EE01CF4249 /* Pods.framework in Frameworks */ = {isa = PBXBuildFile; fileRef = 35E582BAC85E775687B231AD /* Pods.framework */; settings = {ATTRIBUTES = (Weak, ); }; };
/* End PBXBuildFile section */

/* Begin PBXFileReference section */
		291128941BADBFBD00C66827 /* WalkerDemo.app */ = {isa = PBXFileReference; explicitFileType = wrapper.application; includeInIndex = 0; path = WalkerDemo.app; sourceTree = BUILT_PRODUCTS_DIR; };
		292D719B1C930A8200CFC060 /* AppDelegate.swift */ = {isa = PBXFileReference; fileEncoding = 4; lastKnownFileType = sourcecode.swift; path = AppDelegate.swift; sourceTree = "<group>"; };
		292D719C1C930A8200CFC060 /* Assets.xcassets */ = {isa = PBXFileReference; lastKnownFileType = folder.assetcatalog; path = Assets.xcassets; sourceTree = "<group>"; };
		292D719E1C930A8200CFC060 /* Base */ = {isa = PBXFileReference; lastKnownFileType = file.storyboard; name = Base; path = Base.lproj/LaunchScreen.storyboard; sourceTree = "<group>"; };
		292D719F1C930A8200CFC060 /* Info.plist */ = {isa = PBXFileReference; fileEncoding = 4; lastKnownFileType = text.plist.xml; path = Info.plist; sourceTree = "<group>"; };
		292D71A01C930A8200CFC060 /* ViewController.swift */ = {isa = PBXFileReference; fileEncoding = 4; lastKnownFileType = sourcecode.swift; path = ViewController.swift; sourceTree = "<group>"; };
		35E582BAC85E775687B231AD /* Pods.framework */ = {isa = PBXFileReference; explicitFileType = wrapper.framework; includeInIndex = 0; path = Pods.framework; sourceTree = BUILT_PRODUCTS_DIR; };
		A5377AD9B76F4F7B6DA0BB2B /* Pods.release.xcconfig */ = {isa = PBXFileReference; includeInIndex = 1; lastKnownFileType = text.xcconfig; name = Pods.release.xcconfig; path = "Pods/Target Support Files/Pods/Pods.release.xcconfig"; sourceTree = "<group>"; };
		F8C0846ED4886CDAA304450F /* Pods.debug.xcconfig */ = {isa = PBXFileReference; includeInIndex = 1; lastKnownFileType = text.xcconfig; name = Pods.debug.xcconfig; path = "Pods/Target Support Files/Pods/Pods.debug.xcconfig"; sourceTree = "<group>"; };
/* End PBXFileReference section */

/* Begin PBXFrameworksBuildPhase section */
		291128911BADBFBD00C66827 /* Frameworks */ = {
			isa = PBXFrameworksBuildPhase;
			buildActionMask = 2147483647;
			files = (
				B5CDF636EE8B82EE01CF4249 /* Pods.framework in Frameworks */,
			);
			runOnlyForDeploymentPostprocessing = 0;
		};
/* End PBXFrameworksBuildPhase section */

/* Begin PBXGroup section */
		2911288B1BADBFBD00C66827 = {
			isa = PBXGroup;
			children = (
				292D719A1C930A8200CFC060 /* Walker */,
				291128951BADBFBD00C66827 /* Products */,
				9EC4BEDE79C0A88B17BE1781 /* Pods */,
				39F09D49120F3BDF1A295310 /* Frameworks */,
			);
			sourceTree = "<group>";
		};
		291128951BADBFBD00C66827 /* Products */ = {
			isa = PBXGroup;
			children = (
				291128941BADBFBD00C66827 /* WalkerDemo.app */,
			);
			name = Products;
			sourceTree = "<group>";
		};
		292D719A1C930A8200CFC060 /* Walker */ = {
			isa = PBXGroup;
			children = (
				292D719B1C930A8200CFC060 /* AppDelegate.swift */,
				292D71A01C930A8200CFC060 /* ViewController.swift */,
				292D719C1C930A8200CFC060 /* Assets.xcassets */,
				292D719D1C930A8200CFC060 /* LaunchScreen.storyboard */,
				292D719F1C930A8200CFC060 /* Info.plist */,
			);
			path = Walker;
			sourceTree = "<group>";
		};
		39F09D49120F3BDF1A295310 /* Frameworks */ = {
			isa = PBXGroup;
			children = (
				35E582BAC85E775687B231AD /* Pods.framework */,
			);
			name = Frameworks;
			sourceTree = "<group>";
		};
		9EC4BEDE79C0A88B17BE1781 /* Pods */ = {
			isa = PBXGroup;
			children = (
				F8C0846ED4886CDAA304450F /* Pods.debug.xcconfig */,
				A5377AD9B76F4F7B6DA0BB2B /* Pods.release.xcconfig */,
			);
			name = Pods;
			sourceTree = "<group>";
		};
/* End PBXGroup section */

/* Begin PBXNativeTarget section */
		291128931BADBFBD00C66827 /* WalkerDemo */ = {
			isa = PBXNativeTarget;
			buildConfigurationList = 291128A61BADBFBD00C66827 /* Build configuration list for PBXNativeTarget "WalkerDemo" */;
			buildPhases = (
				CB274C55CCECCB06260C53A4 /* Check Pods Manifest.lock */,
				291128901BADBFBD00C66827 /* Sources */,
				291128911BADBFBD00C66827 /* Frameworks */,
				291128921BADBFBD00C66827 /* Resources */,
				47909D2B821EC91801EEA439 /* Embed Pods Frameworks */,
				5E9FC0D67BBA8BE6AEEC697F /* Copy Pods Resources */,
			);
			buildRules = (
			);
			dependencies = (
			);
			name = WalkerDemo;
			productName = Bakery;
			productReference = 291128941BADBFBD00C66827 /* WalkerDemo.app */;
			productType = "com.apple.product-type.application";
		};
/* End PBXNativeTarget section */

/* Begin PBXProject section */
		2911288C1BADBFBD00C66827 /* Project object */ = {
			isa = PBXProject;
			attributes = {
				LastUpgradeCheck = 0720;
				ORGANIZATIONNAME = "Ramon Gilabert Llop";
				TargetAttributes = {
					291128931BADBFBD00C66827 = {
						CreatedOnToolsVersion = 7.0;
					};
				};
			};
			buildConfigurationList = 2911288F1BADBFBD00C66827 /* Build configuration list for PBXProject "Walker" */;
			compatibilityVersion = "Xcode 3.2";
			developmentRegion = English;
			hasScannedForEncodings = 0;
			knownRegions = (
				en,
				Base,
			);
			mainGroup = 2911288B1BADBFBD00C66827;
			productRefGroup = 291128951BADBFBD00C66827 /* Products */;
			projectDirPath = "";
			projectRoot = "";
			targets = (
				291128931BADBFBD00C66827 /* WalkerDemo */,
			);
		};
/* End PBXProject section */

/* Begin PBXResourcesBuildPhase section */
		291128921BADBFBD00C66827 /* Resources */ = {
			isa = PBXResourcesBuildPhase;
			buildActionMask = 2147483647;
			files = (
				292D71A21C930A8200CFC060 /* Assets.xcassets in Resources */,
				292D71A31C930A8200CFC060 /* LaunchScreen.storyboard in Resources */,
			);
			runOnlyForDeploymentPostprocessing = 0;
		};
/* End PBXResourcesBuildPhase section */

/* Begin PBXShellScriptBuildPhase section */
		47909D2B821EC91801EEA439 /* Embed Pods Frameworks */ = {
			isa = PBXShellScriptBuildPhase;
			buildActionMask = 2147483647;
			files = (
			);
			inputPaths = (
			);
			name = "Embed Pods Frameworks";
			outputPaths = (
			);
			runOnlyForDeploymentPostprocessing = 0;
			shellPath = /bin/sh;
			shellScript = "\"${SRCROOT}/Pods/Target Support Files/Pods/Pods-frameworks.sh\"\n";
			showEnvVarsInLog = 0;
		};
		5E9FC0D67BBA8BE6AEEC697F /* Copy Pods Resources */ = {
			isa = PBXShellScriptBuildPhase;
			buildActionMask = 2147483647;
			files = (
			);
			inputPaths = (
			);
			name = "Copy Pods Resources";
			outputPaths = (
			);
			runOnlyForDeploymentPostprocessing = 0;
			shellPath = /bin/sh;
			shellScript = "\"${SRCROOT}/Pods/Target Support Files/Pods/Pods-resources.sh\"\n";
			showEnvVarsInLog = 0;
		};
		CB274C55CCECCB06260C53A4 /* Check Pods Manifest.lock */ = {
			isa = PBXShellScriptBuildPhase;
			buildActionMask = 2147483647;
			files = (
			);
			inputPaths = (
			);
			name = "Check Pods Manifest.lock";
			outputPaths = (
			);
			runOnlyForDeploymentPostprocessing = 0;
			shellPath = /bin/sh;
			shellScript = "diff \"${PODS_ROOT}/../Podfile.lock\" \"${PODS_ROOT}/Manifest.lock\" > /dev/null\nif [[ $? != 0 ]] ; then\n    cat << EOM\nerror: The sandbox is not in sync with the Podfile.lock. Run 'pod install' or update your CocoaPods installation.\nEOM\n    exit 1\nfi\n";
			showEnvVarsInLog = 0;
		};
/* End PBXShellScriptBuildPhase section */

/* Begin PBXSourcesBuildPhase section */
		291128901BADBFBD00C66827 /* Sources */ = {
			isa = PBXSourcesBuildPhase;
			buildActionMask = 2147483647;
			files = (
				292D71A51C930A8200CFC060 /* ViewController.swift in Sources */,
				292D71A11C930A8200CFC060 /* AppDelegate.swift in Sources */,
			);
			runOnlyForDeploymentPostprocessing = 0;
		};
/* End PBXSourcesBuildPhase section */

/* Begin PBXVariantGroup section */
		292D719D1C930A8200CFC060 /* LaunchScreen.storyboard */ = {
			isa = PBXVariantGroup;
			children = (
				292D719E1C930A8200CFC060 /* Base */,
			);
			name = LaunchScreen.storyboard;
			sourceTree = "<group>";
		};
/* End PBXVariantGroup section */

/* Begin XCBuildConfiguration section */
		291128A41BADBFBD00C66827 /* Debug */ = {
			isa = XCBuildConfiguration;
			buildSettings = {
				ALWAYS_SEARCH_USER_PATHS = NO;
				CLANG_CXX_LANGUAGE_STANDARD = "gnu++0x";
				CLANG_CXX_LIBRARY = "libc++";
				CLANG_ENABLE_MODULES = YES;
				CLANG_ENABLE_OBJC_ARC = YES;
				CLANG_WARN_BOOL_CONVERSION = YES;
				CLANG_WARN_CONSTANT_CONVERSION = YES;
				CLANG_WARN_DIRECT_OBJC_ISA_USAGE = YES_ERROR;
				CLANG_WARN_EMPTY_BODY = YES;
				CLANG_WARN_ENUM_CONVERSION = YES;
				CLANG_WARN_INT_CONVERSION = YES;
				CLANG_WARN_OBJC_ROOT_CLASS = YES_ERROR;
				CLANG_WARN_UNREACHABLE_CODE = YES;
				CLANG_WARN__DUPLICATE_METHOD_MATCH = YES;
				"CODE_SIGN_IDENTITY[sdk=iphoneos*]" = "iPhone Developer";
				COPY_PHASE_STRIP = NO;
				DEBUG_INFORMATION_FORMAT = dwarf;
				ENABLE_STRICT_OBJC_MSGSEND = YES;
				ENABLE_TESTABILITY = YES;
				GCC_C_LANGUAGE_STANDARD = gnu99;
				GCC_DYNAMIC_NO_PIC = NO;
				GCC_NO_COMMON_BLOCKS = YES;
				GCC_OPTIMIZATION_LEVEL = 0;
				GCC_PREPROCESSOR_DEFINITIONS = (
					"DEBUG=1",
					"$(inherited)",
				);
				GCC_WARN_64_TO_32_BIT_CONVERSION = YES;
				GCC_WARN_ABOUT_RETURN_TYPE = YES_ERROR;
				GCC_WARN_UNDECLARED_SELECTOR = YES;
				GCC_WARN_UNINITIALIZED_AUTOS = YES_AGGRESSIVE;
				GCC_WARN_UNUSED_FUNCTION = YES;
				GCC_WARN_UNUSED_VARIABLE = YES;
				IPHONEOS_DEPLOYMENT_TARGET = 9.0;
				MTL_ENABLE_DEBUG_INFO = YES;
				ONLY_ACTIVE_ARCH = YES;
				SDKROOT = iphoneos;
				SWIFT_OPTIMIZATION_LEVEL = "-Onone";
				TARGETED_DEVICE_FAMILY = "1,2";
			};
			name = Debug;
		};
		291128A51BADBFBD00C66827 /* Release */ = {
			isa = XCBuildConfiguration;
			buildSettings = {
				ALWAYS_SEARCH_USER_PATHS = NO;
				CLANG_CXX_LANGUAGE_STANDARD = "gnu++0x";
				CLANG_CXX_LIBRARY = "libc++";
				CLANG_ENABLE_MODULES = YES;
				CLANG_ENABLE_OBJC_ARC = YES;
				CLANG_WARN_BOOL_CONVERSION = YES;
				CLANG_WARN_CONSTANT_CONVERSION = YES;
				CLANG_WARN_DIRECT_OBJC_ISA_USAGE = YES_ERROR;
				CLANG_WARN_EMPTY_BODY = YES;
				CLANG_WARN_ENUM_CONVERSION = YES;
				CLANG_WARN_INT_CONVERSION = YES;
				CLANG_WARN_OBJC_ROOT_CLASS = YES_ERROR;
				CLANG_WARN_UNREACHABLE_CODE = YES;
				CLANG_WARN__DUPLICATE_METHOD_MATCH = YES;
				"CODE_SIGN_IDENTITY[sdk=iphoneos*]" = "iPhone Developer";
				COPY_PHASE_STRIP = NO;
				DEBUG_INFORMATION_FORMAT = "dwarf-with-dsym";
				ENABLE_NS_ASSERTIONS = NO;
				ENABLE_STRICT_OBJC_MSGSEND = YES;
				GCC_C_LANGUAGE_STANDARD = gnu99;
				GCC_NO_COMMON_BLOCKS = YES;
				GCC_WARN_64_TO_32_BIT_CONVERSION = YES;
				GCC_WARN_ABOUT_RETURN_TYPE = YES_ERROR;
				GCC_WARN_UNDECLARED_SELECTOR = YES;
				GCC_WARN_UNINITIALIZED_AUTOS = YES_AGGRESSIVE;
				GCC_WARN_UNUSED_FUNCTION = YES;
				GCC_WARN_UNUSED_VARIABLE = YES;
				IPHONEOS_DEPLOYMENT_TARGET = 9.0;
				MTL_ENABLE_DEBUG_INFO = NO;
				SDKROOT = iphoneos;
				TARGETED_DEVICE_FAMILY = "1,2";
				VALIDATE_PRODUCT = YES;
			};
			name = Release;
		};
		291128A71BADBFBD00C66827 /* Debug */ = {
			isa = XCBuildConfiguration;
			baseConfigurationReference = F8C0846ED4886CDAA304450F /* Pods.debug.xcconfig */;
			buildSettings = {
				ASSETCATALOG_COMPILER_APPICON_NAME = AppIcon;
				INFOPLIST_FILE = Walker/Info.plist;
				LD_RUNPATH_SEARCH_PATHS = "$(inherited) @executable_path/Frameworks";
				PRODUCT_BUNDLE_IDENTIFIER = no.hyper.Walker;
				PRODUCT_NAME = WalkerDemo;
			};
			name = Debug;
		};
		291128A81BADBFBD00C66827 /* Release */ = {
			isa = XCBuildConfiguration;
			baseConfigurationReference = A5377AD9B76F4F7B6DA0BB2B /* Pods.release.xcconfig */;
			buildSettings = {
				ASSETCATALOG_COMPILER_APPICON_NAME = AppIcon;
				INFOPLIST_FILE = Walker/Info.plist;
				LD_RUNPATH_SEARCH_PATHS = "$(inherited) @executable_path/Frameworks";
				PRODUCT_BUNDLE_IDENTIFIER = no.hyper.Walker;
				PRODUCT_NAME = WalkerDemo;
			};
			name = Release;
		};
/* End XCBuildConfiguration section */

/* Begin XCConfigurationList section */
		2911288F1BADBFBD00C66827 /* Build configuration list for PBXProject "Walker" */ = {
			isa = XCConfigurationList;
			buildConfigurations = (
				291128A41BADBFBD00C66827 /* Debug */,
				291128A51BADBFBD00C66827 /* Release */,
			);
			defaultConfigurationIsVisible = 0;
			defaultConfigurationName = Release;
		};
		291128A61BADBFBD00C66827 /* Build configuration list for PBXNativeTarget "WalkerDemo" */ = {
			isa = XCConfigurationList;
			buildConfigurations = (
				291128A71BADBFBD00C66827 /* Debug */,
				291128A81BADBFBD00C66827 /* Release */,
			);
			defaultConfigurationIsVisible = 0;
			defaultConfigurationName = Release;
		};
/* End XCConfigurationList section */
	};
	rootObject = 2911288C1BADBFBD00C66827 /* Project object */;
}
